<?xml version="1.0" encoding="utf-8"?>
<Project ToolsVersion="4.0" xmlns="http://schemas.microsoft.com/developer/msbuild/2003">
  <ItemGroup>
    <Filter Include="Animation" />
    <Filter Include="Assets" />
    <Filter Include="Assets\Models" />
    <Filter Include="Assets\Models\Player" />
    <Filter Include="Assets\Shaders" />
    <Filter Include="Core" />
    <Filter Include="Game" />
    <Filter Include="Graphics" />
    <Filter Include="Physics" />
    <Filter Include="Scene" />
  </ItemGroup>
  <ItemGroup>
    <ClCompile Include="Core\Application.cpp"><Filter>Core</Filter></ClCompile>
    <ClInclude Include="Graphics\AssimpHelper.h"><Filter>Graphics</Filter></ClInclude>
    <ClCompile Include="Graphics\Camera.cpp"><Filter>Graphics</Filter></ClCompile>
    <ClCompile Include="Game\Entity.cpp"><Filter>Game</Filter></ClCompile>
    <ClCompile Include="Game\EntityManager.cpp"><Filter>Game</Filter></ClCompile>
    <ClCompile Include="Core\Input.cpp"><Filter>Core</Filter></ClCompile>
    <ClCompile Include="Core\Logger.cpp"><Filter>Core</Filter></ClCompile>
    <ClCompile Include="Graphics\Mesh.cpp"><Filter>Graphics</Filter></ClCompile>
    <ClCompile Include="Graphics\ModelLoader.cpp"><Filter>Graphics</Filter></ClCompile>
    <ClCompile Include="Animation\SkeletalAnimation.cpp"><Filter>Animation</Filter></ClCompile>
    <ClCompile Include="Core\pch.cpp"><Filter>Core</Filter></ClCompile>
    <ClCompile Include="Game\Player.cpp"><Filter>Game</Filter></ClCompile>
    <ClCompile Include="Project_Tarkov.cpp" />
    <ClCompile Include="Game\RaidScene.cpp"><Filter>Game</Filter></ClCompile>
    <ClCompile Include="Graphics\Renderer.cpp"><Filter>Graphics</Filter></ClCompile>
    <ClCompile Include="Scene\Scene.cpp"><Filter>Scene</Filter></ClCompile>
    <ClCompile Include="Scene\SceneManager.cpp"><Filter>Scene</Filter></ClCompile>
    <ClCompile Include="Graphics\Shader.cpp"><Filter>Graphics</Filter></ClCompile>
    <ClCompile Include="Graphics\Texture.cpp"><Filter>Graphics</Filter></ClCompile>
    <ClCompile Include="Core\Time.cpp"><Filter>Core</Filter></ClCompile>
    <ClCompile Include="Core\Window.cpp"><Filter>Core</Filter></ClCompile>
    <ClInclude Include="Core\Application.h"><Filter>Core</Filter></ClInclude>
    <ClInclude Include="Graphics\Camera.h"><Filter>Graphics</Filter></ClInclude>
    <ClInclude Include="Game\Entity.h"><Filter>Game</Filter></ClInclude>
    <ClInclude Include="Game\Character.h"><Filter>Game</Filter></ClInclude>
    <ClInclude Include="Physics\CollisionWorld.h"><Filter>Physics</Filter></ClInclude>
    <ClInclude Include="Game\EntityManager.h"><Filter>Game</Filter></ClInclude>
    <ClInclude Include="Game\GameUnit.h"><Filter>Game</Filter></ClInclude>
    <ClInclude Include="Core\Input.h"><Filter>Core</Filter></ClInclude>
    <ClInclude Include="Core\Logger.h"><Filter>Core</Filter></ClInclude>
    <ClInclude Include="Graphics\Mesh.h"><Filter>Graphics</Filter></ClInclude>
    <ClInclude Include="Graphics\ModelLoader.h"><Filter>Graphics</Filter></ClInclude>
    <ClInclude Include="Animation\SkeletalAnimation.h"><Filter>Animation</Filter></ClInclude>
    <ClInclude Include="Core\pch.h"><Filter>Core</Filter></ClInclude>
    <ClInclude Include="Game\Player.h"><Filter>Game</Filter></ClInclude>
    <ClInclude Include="Game\RaidScene.h"><Filter>Game</Filter></ClInclude>
    <ClInclude Include="Graphics\Renderer.h"><Filter>Graphics</Filter></ClInclude>
    <ClInclude Include="Scene\Scene.h"><Filter>Scene</Filter></ClInclude>
    <ClInclude Include="Scene\SceneManager.h"><Filter>Scene</Filter></ClInclude>
    <ClInclude Include="Graphics\Shader.h"><Filter>Graphics</Filter></ClInclude>
    <ClInclude Include="Graphics\Texture.h"><Filter>Graphics</Filter></ClInclude>
    <ClInclude Include="Core\Time.h"><Filter>Core</Filter></ClInclude>
    <ClInclude Include="Core\Window.h"><Filter>Core</Filter></ClInclude>
    <None Include="Assets\Idle.fbx"><Filter>Assets</Filter></None>
    <None Include="Assets\Walking.fbx"><Filter>Assets</Filter></None>
    <None Include="Assets\Fast Run.fbx"><Filter>Assets</Filter></None>
    <None Include="Assets\Crouched Walking.fbx"><Filter>Assets</Filter></None>
    <Text Include="Assets\Shaders\cube.fs"><Filter>Assets\Shaders</Filter></Text>
    <None Include="Assets\Models\Player\Ch22_nonPBR.fbx"><Filter>Assets\Models\Player</Filter></None>
    <None Include="Assets\Shaders\cube.vs"><Filter>Assets\Shaders</Filter></None>
    <ClCompile Include="Game\Character.cpp"><Filter>Game</Filter></ClCompile>
    <ClInclude Include="Game\CharacterSettings.h"><Filter>Game</Filter></ClInclude>
    <ClCompile Include="Animation\CharacterVisual.cpp"><Filter>Animation</Filter></ClCompile>
    <ClInclude Include="Animation\CharacterVisual.h"><Filter>Animation</Filter></ClInclude>
    <ClCompile Include="Game\PlayerController.cpp"><Filter>Game</Filter></ClCompile>
    <ClInclude Include="Game\PlayerController.h"><Filter>Game</Filter></ClInclude>
    <ClCompile Include="Graphics\ThirdPersonCameraController.cpp"><Filter>Graphics</Filter></ClCompile>
    <ClInclude Include="Graphics\ThirdPersonCameraController.h"><Filter>Graphics</Filter></ClInclude>
  </ItemGroup>
  <ItemGroup>
    <ClInclude Include="Game\Inventory.h"><Filter>Game</Filter></ClInclude>
    <ClCompile Include="Game\Inventory.cpp"><Filter>Game</Filter></ClCompile>
    <ClInclude Include="Game\LootSystem.h"><Filter>Game</Filter></ClInclude>
    <ClCompile Include="Game\LootSystem.cpp"><Filter>Game</Filter></ClCompile>
    <ClInclude Include="Game\RaidHud.h"><Filter>Game</Filter></ClInclude>
    <ClCompile Include="Game\RaidHud.cpp"><Filter>Game</Filter></ClCompile>
    <ClInclude Include="Physics\Raycast.h"><Filter>Physics</Filter></ClInclude>
  </ItemGroup>
  <ItemGroup>
    <ClInclude Include="Game\PlayerVitals.h"><Filter>Game</Filter></ClInclude>
    <ClInclude Include="Game\InventoryActions.h"><Filter>Game</Filter></ClInclude>
    <ClCompile Include="Game\InventoryActions.cpp"><Filter>Game</Filter></ClCompile>
    <ClInclude Include="Game\CombatSystem.h"><Filter>Game</Filter></ClInclude>
    <ClCompile Include="Game\CombatSystem.cpp"><Filter>Game</Filter></ClCompile>
  </ItemGroup>
  <ItemGroup>
    <ClInclude Include="Animation\MotionClip.h"><Filter>Animation</Filter></ClInclude>
    <ClCompile Include="Animation\MotionClip.cpp"><Filter>Animation</Filter></ClCompile>
    <ClInclude Include="Animation\WeaponVisual.h"><Filter>Animation</Filter></ClInclude>
    <ClCompile Include="Animation\WeaponVisual.cpp"><Filter>Animation</Filter></ClCompile>
    <None Include="Assets\Models\Weapons\Bolt.obj"><Filter>Assets</Filter></None>
    <None Include="Assets\Models\Weapons\Magazine.obj"><Filter>Assets</Filter></None>
    <None Include="Assets\Models\Weapons\MuzzleFlash.obj"><Filter>Assets</Filter></None>
    <None Include="Assets\Models\Weapons\Rifle.obj"><Filter>Assets</Filter></None>
    <None Include="Assets\Animations\Characters\Death.anim"><Filter>Assets</Filter></None>
    <None Include="Assets\Animations\Characters\RifleHold.anim"><Filter>Assets</Filter></None>
    <None Include="Assets\Animations\Characters\RifleReload.anim"><Filter>Assets</Filter></None>
    <None Include="Assets\Animations\Weapons\Aim.anim"><Filter>Assets</Filter></None>
    <None Include="Assets\Animations\Weapons\Equip.anim"><Filter>Assets</Filter></None>
    <None Include="Assets\Animations\Weapons\Fire.anim"><Filter>Assets</Filter></None>
    <None Include="Assets\Animations\Weapons\Holster.anim"><Filter>Assets</Filter></None>
    <None Include="Assets\Animations\Weapons\Idle.anim"><Filter>Assets</Filter></None>
    <None Include="Assets\Animations\Weapons\Reload.anim"><Filter>Assets</Filter></None>
  </ItemGroup>
  <ItemGroup>
    <ClInclude Include="Game\Config\RaidConfig.h"><Filter>Game</Filter></ClInclude>
    <ClInclude Include="Game\IndustrialZone.h"><Filter>Game</Filter></ClInclude>
    <ClInclude Include="Game\RaidStatus.h"><Filter>Game</Filter></ClInclude>
  </ItemGroup>
  <ItemGroup>
    <ClInclude Include="Game\IndustrialDetails.h"><Filter>Game</Filter></ClInclude>
    <ClInclude Include="Game\IndustrialGeometry.h"><Filter>Game</Filter></ClInclude>
  </ItemGroup>
  <ItemGroup>
    <ClInclude Include="Game\Hideout.h"><Filter>Game</Filter></ClInclude>
    <ClCompile Include="Game\Hideout.cpp"><Filter>Game</Filter></ClCompile>
  </ItemGroup>
</Project>
